
Microsoft Visual Studio Solution File, Format Version 12.00
# Visual Studio 14
VisualStudioVersion = 14.0.25420.1
MinimumVisualStudioVersion = 10.0.40219.1
Project("{FAE04EC0-301F-11D3-BF4B-00C04F79EFBC}") = "TestLibrary", "TestLibrary\TestLibrary.csproj", "{771BE52C-52C5-4724-90A0-677E023EDAE5}"
EndProject
Project("{FAE04EC0-301F-11D3-BF4B-00C04F79EFBC}") = "SpaceCGLibrary", "SpaceCGLibrary\SpaceCGLibrary.csproj", "{B0BEC753-29F1-4BAC-9BA6-4A4DF9F5462B}"
EndProject
Project("{FAE04EC0-301F-11D3-BF4B-00C04F79EFBC}") = "SpeechRecognitionEngine_Example", "SpeechSynthesizer_Example\SpeechRecognitionEngine_Example.csproj", "{1B03B4F1-FD33-4424-A6C9-17627F9F92A9}"
EndProject
Global
	GlobalSection(SolutionConfigurationPlatforms) = preSolution
		Debug|Any CPU = Debug|Any CPU
		Release|Any CPU = Release|Any CPU
	EndGlobalSection
	GlobalSection(ProjectConfigurationPlatforms) = postSolution
		{771BE52C-52C5-4724-90A0-677E023EDAE5}.Debug|Any CPU.ActiveCfg = Debug|Any CPU
		{771BE52C-52C5-4724-90A0-677E023EDAE5}.Debug|Any CPU.Build.0 = Debug|Any CPU
		{771BE52C-52C5-4724-90A0-677E023EDAE5}.Release|Any CPU.ActiveCfg = Release|Any CPU
		{771BE52C-52C5-4724-90A0-677E023EDAE5}.Release|Any CPU.Build.0 = Release|Any CPU
		{B0BEC753-29F1-4BAC-9BA6-4A4DF9F5462B}.Debug|Any CPU.ActiveCfg = Debug|Any CPU
		{B0BEC753-29F1-4BAC-9BA6-4A4DF9F5462B}.Debug|Any CPU.Build.0 = Debug|Any CPU
		{B0BEC753-29F1-4BAC-9BA6-4A4DF9F5462B}.Release|Any CPU.ActiveCfg = Release|Any CPU
		{B0BEC753-29F1-4BAC-9BA6-4A4DF9F5462B}.Release|Any CPU.Build.0 = Release|Any CPU
		{1B03B4F1-FD33-4424-A6C9-17627F9F92A9}.Debug|Any CPU.ActiveCfg = Debug|Any CPU
		{1B03B4F1-FD33-4424-A6C9-17627F9F92A9}.Debug|Any CPU.Build.0 = Debug|Any CPU
		{1B03B4F1-FD33-4424-A6C9-17627F9F92A9}.Release|Any CPU.ActiveCfg = Release|Any CPU
		{1B03B4F1-FD33-4424-A6C9-17627F9F92A9}.Release|Any CPU.Build.0 = Release|Any CPU
	EndGlobalSection
	GlobalSection(SolutionProperties) = preSolution
		HideSolutionNode = FALSE
	EndGlobalSection
	GlobalSection(ExtensibilityGlobals) = postSolution
		SolutionGuid = {3F1CF7B8-7464-43E3-BFE7-4975D1F74042}
	EndGlobalSection
EndGlobal
